
Microsoft Visual Studio Solution File, Format Version 12.00
# Visual Studio Version 16
VisualStudioVersion = 16.0.30114.105
MinimumVisualStudioVersion = 10.0.40219.1
Project("{FAE04EC0-301F-11D3-BF4B-00C04F79EFBC}") = "homework10", "homework10\homework10.csproj", "{550FCB76-C2F7-4857-9BEC-F4A34418825C}"
EndProject
Global
	GlobalSection(SolutionConfigurationPlatforms) = preSolution
		Debug|Any CPU = Debug|Any CPU
		Release|Any CPU = Release|Any CPU
	EndGlobalSection
	GlobalSection(ProjectConfigurationPlatforms) = postSolution
		{550FCB76-C2F7-4857-9BEC-F4A34418825C}.Debug|Any CPU.ActiveCfg = Debug|Any CPU
		{550FCB76-C2F7-4857-9BEC-F4A34418825C}.Debug|Any CPU.Build.0 = Debug|Any CPU
		{550FCB76-C2F7-4857-9BEC-F4A34418825C}.Release|Any CPU.ActiveCfg = Release|Any CPU
		{550FCB76-C2F7-4857-9BEC-F4A34418825C}.Release|Any CPU.Build.0 = Release|Any CPU
	EndGlobalSection
	GlobalSection(SolutionProperties) = preSolution
		HideSolutionNode = FALSE
	EndGlobalSection
	GlobalSection(ExtensibilityGlobals) = postSolution
		SolutionGuid = {BB7A6A28-A871-493E-B1EB-584CD09250FA}
	EndGlobalSection
EndGlobal
